
Microsoft Visual Studio Solution File, Format Version 12.00
# Visual Studio Version 16
VisualStudioVersion = 16.0.30503.244
MinimumVisualStudioVersion = 10.0.40219.1
Project("{FAE04EC0-301F-11D3-BF4B-00C04F79EFBC}") = "Safiproject", "Safiproject\Safiproject.csproj", "{7037013D-773C-491F-A815-34976056A622}"
EndProject
Global
	GlobalSection(SolutionConfigurationPlatforms) = preSolution
		Debug|Any CPU = Debug|Any CPU
		Release|Any CPU = Release|Any CPU
	EndGlobalSection
	GlobalSection(ProjectConfigurationPlatforms) = postSolution
		{7037013D-773C-491F-A815-34976056A622}.Debug|Any CPU.ActiveCfg = Debug|Any CPU
		{7037013D-773C-491F-A815-34976056A622}.Debug|Any CPU.Build.0 = Debug|Any CPU
		{7037013D-773C-491F-A815-34976056A622}.Release|Any CPU.ActiveCfg = Release|Any CPU
		{7037013D-773C-491F-A815-34976056A622}.Release|Any CPU.Build.0 = Release|Any CPU
	EndGlobalSection
	GlobalSection(SolutionProperties) = preSolution
		HideSolutionNode = FALSE
	EndGlobalSection
	GlobalSection(ExtensibilityGlobals) = postSolution
		SolutionGuid = {46948A4A-A2A8-4C3E-A4E2-8903492E584C}
	EndGlobalSection
EndGlobal
